
Microsoft Visual Studio Solution File, Format Version 12.00
# Visual Studio Version 17
VisualStudioVersion = 17.7.34202.233
MinimumVisualStudioVersion = 10.0.40219.1
Project("{FAE04EC0-301F-11D3-BF4B-00C04F79EFBC}") = "P01.OffroadChallenge", "P01.OffroadChallenge\P01.OffroadChallenge.csproj", "{0DDF56B1-6744-4A48-B3E7-0AAAF571E25E}"
EndProject
Project("{FAE04EC0-301F-11D3-BF4B-00C04F79EFBC}") = "P02.FishingCompetition", "P02.FishingCompetition\P02.FishingCompetition.csproj", "{27CCD9FD-9F4C-41AE-8840-16A1F1CB17CA}"
EndProject
Global
	GlobalSection(SolutionConfigurationPlatforms) = preSolution
		Debug|Any CPU = Debug|Any CPU
		Release|Any CPU = Release|Any CPU
	EndGlobalSection
	GlobalSection(ProjectConfigurationPlatforms) = postSolution
		{0DDF56B1-6744-4A48-B3E7-0AAAF571E25E}.Debug|Any CPU.ActiveCfg = Debug|Any CPU
		{0DDF56B1-6744-4A48-B3E7-0AAAF571E25E}.Debug|Any CPU.Build.0 = Debug|Any CPU
		{0DDF56B1-6744-4A48-B3E7-0AAAF571E25E}.Release|Any CPU.ActiveCfg = Release|Any CPU
		{0DDF56B1-6744-4A48-B3E7-0AAAF571E25E}.Release|Any CPU.Build.0 = Release|Any CPU
		{27CCD9FD-9F4C-41AE-8840-16A1F1CB17CA}.Debug|Any CPU.ActiveCfg = Debug|Any CPU
		{27CCD9FD-9F4C-41AE-8840-16A1F1CB17CA}.Debug|Any CPU.Build.0 = Debug|Any CPU
		{27CCD9FD-9F4C-41AE-8840-16A1F1CB17CA}.Release|Any CPU.ActiveCfg = Release|Any CPU
		{27CCD9FD-9F4C-41AE-8840-16A1F1CB17CA}.Release|Any CPU.Build.0 = Release|Any CPU
	EndGlobalSection
	GlobalSection(SolutionProperties) = preSolution
		HideSolutionNode = FALSE
	EndGlobalSection
	GlobalSection(ExtensibilityGlobals) = postSolution
		SolutionGuid = {37C9F89D-6DC2-4FC0-AB9E-800E16E3ABA8}
	EndGlobalSection
EndGlobal
