
Microsoft Visual Studio Solution File, Format Version 12.00
# Visual Studio Version 17
VisualStudioVersion = 17.7.34202.233
MinimumVisualStudioVersion = 10.0.40219.1
Project("{9A19103F-16F7-4668-BE54-9A1E7A4F7556}") = "P02.DeliveryBoy", "P02.DeliveryBoy\P02.DeliveryBoy.csproj", "{8D8F2C71-2EA6-4F27-BA4F-C1B153639985}"
EndProject
Project("{FAE04EC0-301F-11D3-BF4B-00C04F79EFBC}") = "P01.MonsterExtermination", "P01.MonsterExtermination\P01.MonsterExtermination.csproj", "{A435E135-10D3-4E35-B233-2339BED8343F}"
EndProject
Global
	GlobalSection(SolutionConfigurationPlatforms) = preSolution
		Debug|Any CPU = Debug|Any CPU
		Release|Any CPU = Release|Any CPU
	EndGlobalSection
	GlobalSection(ProjectConfigurationPlatforms) = postSolution
		{8D8F2C71-2EA6-4F27-BA4F-C1B153639985}.Debug|Any CPU.ActiveCfg = Debug|Any CPU
		{8D8F2C71-2EA6-4F27-BA4F-C1B153639985}.Debug|Any CPU.Build.0 = Debug|Any CPU
		{8D8F2C71-2EA6-4F27-BA4F-C1B153639985}.Release|Any CPU.ActiveCfg = Release|Any CPU
		{8D8F2C71-2EA6-4F27-BA4F-C1B153639985}.Release|Any CPU.Build.0 = Release|Any CPU
		{A435E135-10D3-4E35-B233-2339BED8343F}.Debug|Any CPU.ActiveCfg = Debug|Any CPU
		{A435E135-10D3-4E35-B233-2339BED8343F}.Debug|Any CPU.Build.0 = Debug|Any CPU
		{A435E135-10D3-4E35-B233-2339BED8343F}.Release|Any CPU.ActiveCfg = Release|Any CPU
		{A435E135-10D3-4E35-B233-2339BED8343F}.Release|Any CPU.Build.0 = Release|Any CPU
	EndGlobalSection
	GlobalSection(SolutionProperties) = preSolution
		HideSolutionNode = FALSE
	EndGlobalSection
	GlobalSection(ExtensibilityGlobals) = postSolution
		SolutionGuid = {52FFB161-CB6A-4D35-9DB5-0A4C1B821D22}
	EndGlobalSection
EndGlobal
