
Microsoft Visual Studio Solution File, Format Version 12.00
# Visual Studio Version 17
VisualStudioVersion = 17.7.34202.233
MinimumVisualStudioVersion = 10.0.40219.1
Project("{9A19103F-16F7-4668-BE54-9A1E7A4F7556}") = "Vehicles", "Vehicles\Vehicles.csproj", "{DF4F2FEF-BB7F-4432-866B-B41BF28FDE51}"
EndProject
Project("{FAE04EC0-301F-11D3-BF4B-00C04F79EFBC}") = "Raiding", "Raiding\Raiding.csproj", "{EAF68DC9-83AE-498F-8BED-D43AABD2350F}"
EndProject
Project("{FAE04EC0-301F-11D3-BF4B-00C04F79EFBC}") = "WildFarm", "WildFarm\WildFarm.csproj", "{EAFF4C58-D865-4AF2-AE55-23B11A80D4CC}"
EndProject
Global
	GlobalSection(SolutionConfigurationPlatforms) = preSolution
		Debug|Any CPU = Debug|Any CPU
		Release|Any CPU = Release|Any CPU
	EndGlobalSection
	GlobalSection(ProjectConfigurationPlatforms) = postSolution
		{DF4F2FEF-BB7F-4432-866B-B41BF28FDE51}.Debug|Any CPU.ActiveCfg = Debug|Any CPU
		{DF4F2FEF-BB7F-4432-866B-B41BF28FDE51}.Debug|Any CPU.Build.0 = Debug|Any CPU
		{DF4F2FEF-BB7F-4432-866B-B41BF28FDE51}.Release|Any CPU.ActiveCfg = Release|Any CPU
		{DF4F2FEF-BB7F-4432-866B-B41BF28FDE51}.Release|Any CPU.Build.0 = Release|Any CPU
		{EAF68DC9-83AE-498F-8BED-D43AABD2350F}.Debug|Any CPU.ActiveCfg = Debug|Any CPU
		{EAF68DC9-83AE-498F-8BED-D43AABD2350F}.Debug|Any CPU.Build.0 = Debug|Any CPU
		{EAF68DC9-83AE-498F-8BED-D43AABD2350F}.Release|Any CPU.ActiveCfg = Release|Any CPU
		{EAF68DC9-83AE-498F-8BED-D43AABD2350F}.Release|Any CPU.Build.0 = Release|Any CPU
		{EAFF4C58-D865-4AF2-AE55-23B11A80D4CC}.Debug|Any CPU.ActiveCfg = Debug|Any CPU
		{EAFF4C58-D865-4AF2-AE55-23B11A80D4CC}.Debug|Any CPU.Build.0 = Debug|Any CPU
		{EAFF4C58-D865-4AF2-AE55-23B11A80D4CC}.Release|Any CPU.ActiveCfg = Release|Any CPU
		{EAFF4C58-D865-4AF2-AE55-23B11A80D4CC}.Release|Any CPU.Build.0 = Release|Any CPU
	EndGlobalSection
	GlobalSection(SolutionProperties) = preSolution
		HideSolutionNode = FALSE
	EndGlobalSection
	GlobalSection(ExtensibilityGlobals) = postSolution
		SolutionGuid = {D3B4F587-6B57-4BAD-80AA-4FE73A7FC986}
	EndGlobalSection
EndGlobal
