
Microsoft Visual Studio Solution File, Format Version 12.00
# Visual Studio Version 17
VisualStudioVersion = 17.6.33815.320
MinimumVisualStudioVersion = 10.0.40219.1
Project("{FAE04EC0-301F-11D3-BF4B-00C04F79EFBC}") = "P01.ReverseStrings", "P01.ReverseStrings\P01.ReverseStrings.csproj", "{DEE34CBC-0034-4328-9244-AACFBAE40C4D}"
EndProject
Project("{FAE04EC0-301F-11D3-BF4B-00C04F79EFBC}") = "P02.RepeatStrings", "P02.RepeatStrings\P02.RepeatStrings.csproj", "{7C329170-4A90-4D18-BE84-8BD7223AC737}"
EndProject
Project("{FAE04EC0-301F-11D3-BF4B-00C04F79EFBC}") = "P03.Substring", "P03.Substring\P03.Substring.csproj", "{9C091A2C-4F56-4CA6-B40E-7F60EB53B37C}"
EndProject
Project("{FAE04EC0-301F-11D3-BF4B-00C04F79EFBC}") = "P04.TextFilter", "P04.TextFilter\P04.TextFilter.csproj", "{C5D28D46-FA66-4A65-9EF4-329A4248338A}"
EndProject
Project("{FAE04EC0-301F-11D3-BF4B-00C04F79EFBC}") = "P05.Digits,LettersAndOthers", "P05.Digits,LettersAndOthers\P05.Digits,LettersAndOthers.csproj", "{75E4B182-9C4E-4567-8BB1-80B80FF1FA3E}"
EndProject
Global
	GlobalSection(SolutionConfigurationPlatforms) = preSolution
		Debug|Any CPU = Debug|Any CPU
		Release|Any CPU = Release|Any CPU
	EndGlobalSection
	GlobalSection(ProjectConfigurationPlatforms) = postSolution
		{DEE34CBC-0034-4328-9244-AACFBAE40C4D}.Debug|Any CPU.ActiveCfg = Debug|Any CPU
		{DEE34CBC-0034-4328-9244-AACFBAE40C4D}.Debug|Any CPU.Build.0 = Debug|Any CPU
		{DEE34CBC-0034-4328-9244-AACFBAE40C4D}.Release|Any CPU.ActiveCfg = Release|Any CPU
		{DEE34CBC-0034-4328-9244-AACFBAE40C4D}.Release|Any CPU.Build.0 = Release|Any CPU
		{7C329170-4A90-4D18-BE84-8BD7223AC737}.Debug|Any CPU.ActiveCfg = Debug|Any CPU
		{7C329170-4A90-4D18-BE84-8BD7223AC737}.Debug|Any CPU.Build.0 = Debug|Any CPU
		{7C329170-4A90-4D18-BE84-8BD7223AC737}.Release|Any CPU.ActiveCfg = Release|Any CPU
		{7C329170-4A90-4D18-BE84-8BD7223AC737}.Release|Any CPU.Build.0 = Release|Any CPU
		{9C091A2C-4F56-4CA6-B40E-7F60EB53B37C}.Debug|Any CPU.ActiveCfg = Debug|Any CPU
		{9C091A2C-4F56-4CA6-B40E-7F60EB53B37C}.Debug|Any CPU.Build.0 = Debug|Any CPU
		{9C091A2C-4F56-4CA6-B40E-7F60EB53B37C}.Release|Any CPU.ActiveCfg = Release|Any CPU
		{9C091A2C-4F56-4CA6-B40E-7F60EB53B37C}.Release|Any CPU.Build.0 = Release|Any CPU
		{C5D28D46-FA66-4A65-9EF4-329A4248338A}.Debug|Any CPU.ActiveCfg = Debug|Any CPU
		{C5D28D46-FA66-4A65-9EF4-329A4248338A}.Debug|Any CPU.Build.0 = Debug|Any CPU
		{C5D28D46-FA66-4A65-9EF4-329A4248338A}.Release|Any CPU.ActiveCfg = Release|Any CPU
		{C5D28D46-FA66-4A65-9EF4-329A4248338A}.Release|Any CPU.Build.0 = Release|Any CPU
		{75E4B182-9C4E-4567-8BB1-80B80FF1FA3E}.Debug|Any CPU.ActiveCfg = Debug|Any CPU
		{75E4B182-9C4E-4567-8BB1-80B80FF1FA3E}.Debug|Any CPU.Build.0 = Debug|Any CPU
		{75E4B182-9C4E-4567-8BB1-80B80FF1FA3E}.Release|Any CPU.ActiveCfg = Release|Any CPU
		{75E4B182-9C4E-4567-8BB1-80B80FF1FA3E}.Release|Any CPU.Build.0 = Release|Any CPU
	EndGlobalSection
	GlobalSection(SolutionProperties) = preSolution
		HideSolutionNode = FALSE
	EndGlobalSection
	GlobalSection(ExtensibilityGlobals) = postSolution
		SolutionGuid = {C912E6AF-5F42-492F-AF03-0F900DA2ADB4}
	EndGlobalSection
EndGlobal
