
Microsoft Visual Studio Solution File, Format Version 12.00
# Visual Studio Version 17
VisualStudioVersion = 17.6.33815.320
MinimumVisualStudioVersion = 10.0.40219.1
Project("{FAE04EC0-301F-11D3-BF4B-00C04F79EFBC}") = "P01.AdvertisementMessage", "P01.AdvertisementMessage\P01.AdvertisementMessage.csproj", "{BD9C4F69-DE7C-458B-8003-4C678822D5C1}"
EndProject
Project("{FAE04EC0-301F-11D3-BF4B-00C04F79EFBC}") = "P02.Articles", "P02.Articles\P02.Articles.csproj", "{8CD63E4E-AD2A-4D2C-B9F3-B1695F691EB8}"
EndProject
Project("{FAE04EC0-301F-11D3-BF4B-00C04F79EFBC}") = "P03.Articles2.0", "P03.Articles2.0\P03.Articles2.0.csproj", "{F86F1159-2331-48C6-91C2-1B43E2157D29}"
EndProject
Project("{FAE04EC0-301F-11D3-BF4B-00C04F79EFBC}") = "P04.Students", "P04.Students\P04.Students.csproj", "{BFAABA5A-BB03-4FE6-8A81-327B5AC38E37}"
EndProject
Project("{FAE04EC0-301F-11D3-BF4B-00C04F79EFBC}") = "P05.TeamworkProjects", "P05.TeamworkProjects\P05.TeamworkProjects.csproj", "{20C60F37-FA6F-4BA5-8CE4-DAFB96C3E38B}"
EndProject
Project("{FAE04EC0-301F-11D3-BF4B-00C04F79EFBC}") = "P06.VehicleCatalogue", "P06.VehicleCatalogue\P06.VehicleCatalogue.csproj", "{DE65087E-BFBD-4013-8C2F-254833B1A5BF}"
EndProject
Project("{FAE04EC0-301F-11D3-BF4B-00C04F79EFBC}") = "P07.OrderByAge", "P07.OrderByAge\P07.OrderByAge.csproj", "{D8D8C0F1-2D81-4329-A74A-01533FB27209}"
EndProject
Global
	GlobalSection(SolutionConfigurationPlatforms) = preSolution
		Debug|Any CPU = Debug|Any CPU
		Release|Any CPU = Release|Any CPU
	EndGlobalSection
	GlobalSection(ProjectConfigurationPlatforms) = postSolution
		{BD9C4F69-DE7C-458B-8003-4C678822D5C1}.Debug|Any CPU.ActiveCfg = Debug|Any CPU
		{BD9C4F69-DE7C-458B-8003-4C678822D5C1}.Debug|Any CPU.Build.0 = Debug|Any CPU
		{BD9C4F69-DE7C-458B-8003-4C678822D5C1}.Release|Any CPU.ActiveCfg = Release|Any CPU
		{BD9C4F69-DE7C-458B-8003-4C678822D5C1}.Release|Any CPU.Build.0 = Release|Any CPU
		{8CD63E4E-AD2A-4D2C-B9F3-B1695F691EB8}.Debug|Any CPU.ActiveCfg = Debug|Any CPU
		{8CD63E4E-AD2A-4D2C-B9F3-B1695F691EB8}.Debug|Any CPU.Build.0 = Debug|Any CPU
		{8CD63E4E-AD2A-4D2C-B9F3-B1695F691EB8}.Release|Any CPU.ActiveCfg = Release|Any CPU
		{8CD63E4E-AD2A-4D2C-B9F3-B1695F691EB8}.Release|Any CPU.Build.0 = Release|Any CPU
		{F86F1159-2331-48C6-91C2-1B43E2157D29}.Debug|Any CPU.ActiveCfg = Debug|Any CPU
		{F86F1159-2331-48C6-91C2-1B43E2157D29}.Debug|Any CPU.Build.0 = Debug|Any CPU
		{F86F1159-2331-48C6-91C2-1B43E2157D29}.Release|Any CPU.ActiveCfg = Release|Any CPU
		{F86F1159-2331-48C6-91C2-1B43E2157D29}.Release|Any CPU.Build.0 = Release|Any CPU
		{BFAABA5A-BB03-4FE6-8A81-327B5AC38E37}.Debug|Any CPU.ActiveCfg = Debug|Any CPU
		{BFAABA5A-BB03-4FE6-8A81-327B5AC38E37}.Debug|Any CPU.Build.0 = Debug|Any CPU
		{BFAABA5A-BB03-4FE6-8A81-327B5AC38E37}.Release|Any CPU.ActiveCfg = Release|Any CPU
		{BFAABA5A-BB03-4FE6-8A81-327B5AC38E37}.Release|Any CPU.Build.0 = Release|Any CPU
		{20C60F37-FA6F-4BA5-8CE4-DAFB96C3E38B}.Debug|Any CPU.ActiveCfg = Debug|Any CPU
		{20C60F37-FA6F-4BA5-8CE4-DAFB96C3E38B}.Debug|Any CPU.Build.0 = Debug|Any CPU
		{20C60F37-FA6F-4BA5-8CE4-DAFB96C3E38B}.Release|Any CPU.ActiveCfg = Release|Any CPU
		{20C60F37-FA6F-4BA5-8CE4-DAFB96C3E38B}.Release|Any CPU.Build.0 = Release|Any CPU
		{DE65087E-BFBD-4013-8C2F-254833B1A5BF}.Debug|Any CPU.ActiveCfg = Debug|Any CPU
		{DE65087E-BFBD-4013-8C2F-254833B1A5BF}.Debug|Any CPU.Build.0 = Debug|Any CPU
		{DE65087E-BFBD-4013-8C2F-254833B1A5BF}.Release|Any CPU.ActiveCfg = Release|Any CPU
		{DE65087E-BFBD-4013-8C2F-254833B1A5BF}.Release|Any CPU.Build.0 = Release|Any CPU
		{D8D8C0F1-2D81-4329-A74A-01533FB27209}.Debug|Any CPU.ActiveCfg = Debug|Any CPU
		{D8D8C0F1-2D81-4329-A74A-01533FB27209}.Debug|Any CPU.Build.0 = Debug|Any CPU
		{D8D8C0F1-2D81-4329-A74A-01533FB27209}.Release|Any CPU.ActiveCfg = Release|Any CPU
		{D8D8C0F1-2D81-4329-A74A-01533FB27209}.Release|Any CPU.Build.0 = Release|Any CPU
	EndGlobalSection
	GlobalSection(SolutionProperties) = preSolution
		HideSolutionNode = FALSE
	EndGlobalSection
	GlobalSection(ExtensibilityGlobals) = postSolution
		SolutionGuid = {B05B617D-6D9B-4701-B313-B921FCE4398A}
	EndGlobalSection
EndGlobal
