
Microsoft Visual Studio Solution File, Format Version 12.00
# Visual Studio Version 17
VisualStudioVersion = 17.7.34202.233
MinimumVisualStudioVersion = 10.0.40219.1
Project("{9A19103F-16F7-4668-BE54-9A1E7A4F7556}") = "Farm", "Farm\Farm.csproj", "{277B81EC-62EF-4BFB-875B-B85DCECA436F}"
EndProject
Project("{9A19103F-16F7-4668-BE54-9A1E7A4F7556}") = "CustomRandomList", "CustomRandomList\CustomRandomList.csproj", "{92D1C082-CC26-40BD-BC60-501E562F5D9F}"
EndProject
Project("{FAE04EC0-301F-11D3-BF4B-00C04F79EFBC}") = "CustomStack", "CustomStack\CustomStack.csproj", "{571823D4-A8A5-48B0-B5DA-4C245E17C58A}"
EndProject
Global
	GlobalSection(SolutionConfigurationPlatforms) = preSolution
		Debug|Any CPU = Debug|Any CPU
		Release|Any CPU = Release|Any CPU
	EndGlobalSection
	GlobalSection(ProjectConfigurationPlatforms) = postSolution
		{277B81EC-62EF-4BFB-875B-B85DCECA436F}.Debug|Any CPU.ActiveCfg = Debug|Any CPU
		{277B81EC-62EF-4BFB-875B-B85DCECA436F}.Debug|Any CPU.Build.0 = Debug|Any CPU
		{277B81EC-62EF-4BFB-875B-B85DCECA436F}.Release|Any CPU.ActiveCfg = Release|Any CPU
		{277B81EC-62EF-4BFB-875B-B85DCECA436F}.Release|Any CPU.Build.0 = Release|Any CPU
		{92D1C082-CC26-40BD-BC60-501E562F5D9F}.Debug|Any CPU.ActiveCfg = Debug|Any CPU
		{92D1C082-CC26-40BD-BC60-501E562F5D9F}.Debug|Any CPU.Build.0 = Debug|Any CPU
		{92D1C082-CC26-40BD-BC60-501E562F5D9F}.Release|Any CPU.ActiveCfg = Release|Any CPU
		{92D1C082-CC26-40BD-BC60-501E562F5D9F}.Release|Any CPU.Build.0 = Release|Any CPU
		{571823D4-A8A5-48B0-B5DA-4C245E17C58A}.Debug|Any CPU.ActiveCfg = Debug|Any CPU
		{571823D4-A8A5-48B0-B5DA-4C245E17C58A}.Debug|Any CPU.Build.0 = Debug|Any CPU
		{571823D4-A8A5-48B0-B5DA-4C245E17C58A}.Release|Any CPU.ActiveCfg = Release|Any CPU
		{571823D4-A8A5-48B0-B5DA-4C245E17C58A}.Release|Any CPU.Build.0 = Release|Any CPU
	EndGlobalSection
	GlobalSection(SolutionProperties) = preSolution
		HideSolutionNode = FALSE
	EndGlobalSection
	GlobalSection(ExtensibilityGlobals) = postSolution
		SolutionGuid = {77F7BF9F-986D-4DB0-B9AC-70FC31D10B92}
	EndGlobalSection
EndGlobal
