
Microsoft Visual Studio Solution File, Format Version 12.00
# Visual Studio Version 17
VisualStudioVersion = 17.5.33530.505
MinimumVisualStudioVersion = 10.0.40219.1
Project("{FAE04EC0-301F-11D3-BF4B-00C04F79EFBC}") = "P01.SortNumbers", "P01.SortNumbers\P01.SortNumbers.csproj", "{B2F5CC82-023A-4833-8E2A-C9DDDF96598E}"
EndProject
Project("{FAE04EC0-301F-11D3-BF4B-00C04F79EFBC}") = "P02.EnglishNameOfTheLastDigit", "P02.EnglishNameOfTheLastDigit\P02.EnglishNameOfTheLastDigit.csproj", "{6FB0FFD1-34FD-4853-B282-C045FA93B108}"
EndProject
Project("{FAE04EC0-301F-11D3-BF4B-00C04F79EFBC}") = "P03.GamingStore", "P03.GamingStore\P03.GamingStore.csproj", "{FDB80B09-EB6C-4E33-8F5C-6048BB970F99}"
EndProject
Project("{FAE04EC0-301F-11D3-BF4B-00C04F79EFBC}") = "P04.ReverseString", "P04.ReverseString\P04.ReverseString.csproj", "{586FEAE1-86D0-4830-9DEF-9658A1CBC2D7}"
EndProject
Project("{FAE04EC0-301F-11D3-BF4B-00C04F79EFBC}") = "P05.Messages", "P05.Messages\P05.Messages.csproj", "{181208D9-0C78-42A3-99C5-2E6E33CC5E05}"
EndProject
Global
	GlobalSection(SolutionConfigurationPlatforms) = preSolution
		Debug|Any CPU = Debug|Any CPU
		Release|Any CPU = Release|Any CPU
	EndGlobalSection
	GlobalSection(ProjectConfigurationPlatforms) = postSolution
		{B2F5CC82-023A-4833-8E2A-C9DDDF96598E}.Debug|Any CPU.ActiveCfg = Debug|Any CPU
		{B2F5CC82-023A-4833-8E2A-C9DDDF96598E}.Debug|Any CPU.Build.0 = Debug|Any CPU
		{B2F5CC82-023A-4833-8E2A-C9DDDF96598E}.Release|Any CPU.ActiveCfg = Release|Any CPU
		{B2F5CC82-023A-4833-8E2A-C9DDDF96598E}.Release|Any CPU.Build.0 = Release|Any CPU
		{6FB0FFD1-34FD-4853-B282-C045FA93B108}.Debug|Any CPU.ActiveCfg = Debug|Any CPU
		{6FB0FFD1-34FD-4853-B282-C045FA93B108}.Debug|Any CPU.Build.0 = Debug|Any CPU
		{6FB0FFD1-34FD-4853-B282-C045FA93B108}.Release|Any CPU.ActiveCfg = Release|Any CPU
		{6FB0FFD1-34FD-4853-B282-C045FA93B108}.Release|Any CPU.Build.0 = Release|Any CPU
		{FDB80B09-EB6C-4E33-8F5C-6048BB970F99}.Debug|Any CPU.ActiveCfg = Debug|Any CPU
		{FDB80B09-EB6C-4E33-8F5C-6048BB970F99}.Debug|Any CPU.Build.0 = Debug|Any CPU
		{FDB80B09-EB6C-4E33-8F5C-6048BB970F99}.Release|Any CPU.ActiveCfg = Release|Any CPU
		{FDB80B09-EB6C-4E33-8F5C-6048BB970F99}.Release|Any CPU.Build.0 = Release|Any CPU
		{586FEAE1-86D0-4830-9DEF-9658A1CBC2D7}.Debug|Any CPU.ActiveCfg = Debug|Any CPU
		{586FEAE1-86D0-4830-9DEF-9658A1CBC2D7}.Debug|Any CPU.Build.0 = Debug|Any CPU
		{586FEAE1-86D0-4830-9DEF-9658A1CBC2D7}.Release|Any CPU.ActiveCfg = Release|Any CPU
		{586FEAE1-86D0-4830-9DEF-9658A1CBC2D7}.Release|Any CPU.Build.0 = Release|Any CPU
		{181208D9-0C78-42A3-99C5-2E6E33CC5E05}.Debug|Any CPU.ActiveCfg = Debug|Any CPU
		{181208D9-0C78-42A3-99C5-2E6E33CC5E05}.Debug|Any CPU.Build.0 = Debug|Any CPU
		{181208D9-0C78-42A3-99C5-2E6E33CC5E05}.Release|Any CPU.ActiveCfg = Release|Any CPU
		{181208D9-0C78-42A3-99C5-2E6E33CC5E05}.Release|Any CPU.Build.0 = Release|Any CPU
	EndGlobalSection
	GlobalSection(SolutionProperties) = preSolution
		HideSolutionNode = FALSE
	EndGlobalSection
	GlobalSection(ExtensibilityGlobals) = postSolution
		SolutionGuid = {121A0968-B5E4-4215-B51C-C9466CC021E6}
	EndGlobalSection
EndGlobal
