
Microsoft Visual Studio Solution File, Format Version 12.00
# Visual Studio Version 17
VisualStudioVersion = 17.7.34024.191
MinimumVisualStudioVersion = 10.0.40219.1
Project("{9A19103F-16F7-4668-BE54-9A1E7A4F7556}") = "P01.ActionPoint", "P01.ActionPoint\P01.ActionPoint.csproj", "{61609FA5-3766-4C61-A3A9-01D87FF35583}"
EndProject
Project("{9A19103F-16F7-4668-BE54-9A1E7A4F7556}") = "P02.KnightsOfHonor", "P02.KnightsOfHonor\P02.KnightsOfHonor.csproj", "{5AC0E3D1-91E3-4582-BDCF-F0C33C6496EE}"
EndProject
Project("{9A19103F-16F7-4668-BE54-9A1E7A4F7556}") = "P03.CustomMinFunction", "P03.CustomMinFunction\P03.CustomMinFunction.csproj", "{1F2E2497-5F7D-459D-9E7B-88047DD06F50}"
EndProject
Project("{9A19103F-16F7-4668-BE54-9A1E7A4F7556}") = "P04.FindEvenOrOdds", "P04.FindEvenOrOdds\P04.FindEvenOrOdds.csproj", "{9B0989FD-59A6-4158-9213-C5DE8DD7C253}"
EndProject
Project("{9A19103F-16F7-4668-BE54-9A1E7A4F7556}") = "P05.AppliedArithmetics", "P05.AppliedArithmetics\P05.AppliedArithmetics.csproj", "{5BF916A7-3B86-4004-BABE-CFC95E440381}"
EndProject
Project("{9A19103F-16F7-4668-BE54-9A1E7A4F7556}") = "P06.ReverseAndExclude", "P06.ReverseAndExclude\P06.ReverseAndExclude.csproj", "{7DAAE46F-868E-468D-A3A7-ED1F359FC2B2}"
EndProject
Project("{9A19103F-16F7-4668-BE54-9A1E7A4F7556}") = "P07.PredicateForNames", "P07.PredicateForNames\P07.PredicateForNames.csproj", "{52AB4619-10BF-4399-A7BA-390744C5B1D8}"
EndProject
Project("{9A19103F-16F7-4668-BE54-9A1E7A4F7556}") = "P08.ListOfPredicates", "P08.ListOfPredicates\P08.ListOfPredicates.csproj", "{4667EE1A-811D-4769-9EBD-F417DBD841B9}"
EndProject
Project("{9A19103F-16F7-4668-BE54-9A1E7A4F7556}") = "P09.PredicateParty", "P09.PredicateParty\P09.PredicateParty.csproj", "{7EF5DB40-FCCB-497F-AF96-908228CEFEEB}"
EndProject
Project("{9A19103F-16F7-4668-BE54-9A1E7A4F7556}") = "P09.PredicateParty!", "P09.PredicateParty!\P09.PredicateParty!.csproj", "{F1C2922B-A30C-48D7-B934-08EAB98133B5}"
EndProject
Project("{FAE04EC0-301F-11D3-BF4B-00C04F79EFBC}") = "P10.PartyReservationFilterModule", "P10.PartyReservationFilterModule\P10.PartyReservationFilterModule.csproj", "{B18BD48B-984C-4FBB-8AC4-F8E23EA17A29}"
EndProject
Project("{FAE04EC0-301F-11D3-BF4B-00C04F79EFBC}") = "P11.TriFunction", "P11.TriFunction\P11.TriFunction.csproj", "{3B71F97C-45D6-4CE0-9FD3-64CD327E50DA}"
EndProject
Global
	GlobalSection(SolutionConfigurationPlatforms) = preSolution
		Debug|Any CPU = Debug|Any CPU
		Release|Any CPU = Release|Any CPU
	EndGlobalSection
	GlobalSection(ProjectConfigurationPlatforms) = postSolution
		{61609FA5-3766-4C61-A3A9-01D87FF35583}.Debug|Any CPU.ActiveCfg = Debug|Any CPU
		{61609FA5-3766-4C61-A3A9-01D87FF35583}.Debug|Any CPU.Build.0 = Debug|Any CPU
		{61609FA5-3766-4C61-A3A9-01D87FF35583}.Release|Any CPU.ActiveCfg = Release|Any CPU
		{61609FA5-3766-4C61-A3A9-01D87FF35583}.Release|Any CPU.Build.0 = Release|Any CPU
		{5AC0E3D1-91E3-4582-BDCF-F0C33C6496EE}.Debug|Any CPU.ActiveCfg = Debug|Any CPU
		{5AC0E3D1-91E3-4582-BDCF-F0C33C6496EE}.Debug|Any CPU.Build.0 = Debug|Any CPU
		{5AC0E3D1-91E3-4582-BDCF-F0C33C6496EE}.Release|Any CPU.ActiveCfg = Release|Any CPU
		{5AC0E3D1-91E3-4582-BDCF-F0C33C6496EE}.Release|Any CPU.Build.0 = Release|Any CPU
		{1F2E2497-5F7D-459D-9E7B-88047DD06F50}.Debug|Any CPU.ActiveCfg = Debug|Any CPU
		{1F2E2497-5F7D-459D-9E7B-88047DD06F50}.Debug|Any CPU.Build.0 = Debug|Any CPU
		{1F2E2497-5F7D-459D-9E7B-88047DD06F50}.Release|Any CPU.ActiveCfg = Release|Any CPU
		{1F2E2497-5F7D-459D-9E7B-88047DD06F50}.Release|Any CPU.Build.0 = Release|Any CPU
		{9B0989FD-59A6-4158-9213-C5DE8DD7C253}.Debug|Any CPU.ActiveCfg = Debug|Any CPU
		{9B0989FD-59A6-4158-9213-C5DE8DD7C253}.Debug|Any CPU.Build.0 = Debug|Any CPU
		{9B0989FD-59A6-4158-9213-C5DE8DD7C253}.Release|Any CPU.ActiveCfg = Release|Any CPU
		{9B0989FD-59A6-4158-9213-C5DE8DD7C253}.Release|Any CPU.Build.0 = Release|Any CPU
		{5BF916A7-3B86-4004-BABE-CFC95E440381}.Debug|Any CPU.ActiveCfg = Debug|Any CPU
		{5BF916A7-3B86-4004-BABE-CFC95E440381}.Debug|Any CPU.Build.0 = Debug|Any CPU
		{5BF916A7-3B86-4004-BABE-CFC95E440381}.Release|Any CPU.ActiveCfg = Release|Any CPU
		{5BF916A7-3B86-4004-BABE-CFC95E440381}.Release|Any CPU.Build.0 = Release|Any CPU
		{7DAAE46F-868E-468D-A3A7-ED1F359FC2B2}.Debug|Any CPU.ActiveCfg = Debug|Any CPU
		{7DAAE46F-868E-468D-A3A7-ED1F359FC2B2}.Debug|Any CPU.Build.0 = Debug|Any CPU
		{7DAAE46F-868E-468D-A3A7-ED1F359FC2B2}.Release|Any CPU.ActiveCfg = Release|Any CPU
		{7DAAE46F-868E-468D-A3A7-ED1F359FC2B2}.Release|Any CPU.Build.0 = Release|Any CPU
		{52AB4619-10BF-4399-A7BA-390744C5B1D8}.Debug|Any CPU.ActiveCfg = Debug|Any CPU
		{52AB4619-10BF-4399-A7BA-390744C5B1D8}.Debug|Any CPU.Build.0 = Debug|Any CPU
		{52AB4619-10BF-4399-A7BA-390744C5B1D8}.Release|Any CPU.ActiveCfg = Release|Any CPU
		{52AB4619-10BF-4399-A7BA-390744C5B1D8}.Release|Any CPU.Build.0 = Release|Any CPU
		{4667EE1A-811D-4769-9EBD-F417DBD841B9}.Debug|Any CPU.ActiveCfg = Debug|Any CPU
		{4667EE1A-811D-4769-9EBD-F417DBD841B9}.Debug|Any CPU.Build.0 = Debug|Any CPU
		{4667EE1A-811D-4769-9EBD-F417DBD841B9}.Release|Any CPU.ActiveCfg = Release|Any CPU
		{4667EE1A-811D-4769-9EBD-F417DBD841B9}.Release|Any CPU.Build.0 = Release|Any CPU
		{7EF5DB40-FCCB-497F-AF96-908228CEFEEB}.Debug|Any CPU.ActiveCfg = Debug|Any CPU
		{7EF5DB40-FCCB-497F-AF96-908228CEFEEB}.Debug|Any CPU.Build.0 = Debug|Any CPU
		{7EF5DB40-FCCB-497F-AF96-908228CEFEEB}.Release|Any CPU.ActiveCfg = Release|Any CPU
		{7EF5DB40-FCCB-497F-AF96-908228CEFEEB}.Release|Any CPU.Build.0 = Release|Any CPU
		{F1C2922B-A30C-48D7-B934-08EAB98133B5}.Debug|Any CPU.ActiveCfg = Debug|Any CPU
		{F1C2922B-A30C-48D7-B934-08EAB98133B5}.Debug|Any CPU.Build.0 = Debug|Any CPU
		{F1C2922B-A30C-48D7-B934-08EAB98133B5}.Release|Any CPU.ActiveCfg = Release|Any CPU
		{F1C2922B-A30C-48D7-B934-08EAB98133B5}.Release|Any CPU.Build.0 = Release|Any CPU
		{B18BD48B-984C-4FBB-8AC4-F8E23EA17A29}.Debug|Any CPU.ActiveCfg = Debug|Any CPU
		{B18BD48B-984C-4FBB-8AC4-F8E23EA17A29}.Debug|Any CPU.Build.0 = Debug|Any CPU
		{B18BD48B-984C-4FBB-8AC4-F8E23EA17A29}.Release|Any CPU.ActiveCfg = Release|Any CPU
		{B18BD48B-984C-4FBB-8AC4-F8E23EA17A29}.Release|Any CPU.Build.0 = Release|Any CPU
		{3B71F97C-45D6-4CE0-9FD3-64CD327E50DA}.Debug|Any CPU.ActiveCfg = Debug|Any CPU
		{3B71F97C-45D6-4CE0-9FD3-64CD327E50DA}.Debug|Any CPU.Build.0 = Debug|Any CPU
		{3B71F97C-45D6-4CE0-9FD3-64CD327E50DA}.Release|Any CPU.ActiveCfg = Release|Any CPU
		{3B71F97C-45D6-4CE0-9FD3-64CD327E50DA}.Release|Any CPU.Build.0 = Release|Any CPU
	EndGlobalSection
	GlobalSection(SolutionProperties) = preSolution
		HideSolutionNode = FALSE
	EndGlobalSection
	GlobalSection(ExtensibilityGlobals) = postSolution
		SolutionGuid = {9599A6D8-5CAE-4227-81A0-5E4DA1681019}
	EndGlobalSection
EndGlobal
